
Microsoft Visual Studio Solution File, Format Version 12.00
# Visual Studio Version 16
VisualStudioVersion = 16.0.30002.166
MinimumVisualStudioVersion = 10.0.40219.1
Project("{FAE04EC0-301F-11D3-BF4B-00C04F79EFBC}") = "Bai5_EmailClient", "Bai5_EmailClient\Bai5_EmailClient.csproj", "{822B63BA-B2B5-4A3D-B5C1-A1C10A45A80A}"
EndProject
Global
	GlobalSection(SolutionConfigurationPlatforms) = preSolution
		Debug|Any CPU = Debug|Any CPU
		Release|Any CPU = Release|Any CPU
	EndGlobalSection
	GlobalSection(ProjectConfigurationPlatforms) = postSolution
		{822B63BA-B2B5-4A3D-B5C1-A1C10A45A80A}.Debug|Any CPU.ActiveCfg = Debug|Any CPU
		{822B63BA-B2B5-4A3D-B5C1-A1C10A45A80A}.Debug|Any CPU.Build.0 = Debug|Any CPU
		{822B63BA-B2B5-4A3D-B5C1-A1C10A45A80A}.Release|Any CPU.ActiveCfg = Release|Any CPU
		{822B63BA-B2B5-4A3D-B5C1-A1C10A45A80A}.Release|Any CPU.Build.0 = Release|Any CPU
	EndGlobalSection
	GlobalSection(SolutionProperties) = preSolution
		HideSolutionNode = FALSE
	EndGlobalSection
	GlobalSection(ExtensibilityGlobals) = postSolution
		SolutionGuid = {799C6F91-C4F8-4120-8F02-0645843F5107}
	EndGlobalSection
EndGlobal
